
Microsoft Visual Studio Solution File, Format Version 12.00
# Visual Studio Version 16
VisualStudioVersion = 16.0.28922.388
MinimumVisualStudioVersion = 10.0.40219.1
Project("{9A19103F-16F7-4668-BE54-9A1E7A4F7556}") = "SW_StopNumberCalculator", "SW_StopNumberCalculator\SW_StopNumberCalculator.csproj", "{E7784229-5967-486A-826D-B43FB6C7FDCA}"
EndProject
Project("{9A19103F-16F7-4668-BE54-9A1E7A4F7556}") = "Abstractions", "Abstractions\Abstractions.csproj", "{9F060CFB-B84D-4013-B8CE-9F6278EDB6C4}"
EndProject
Project("{9A19103F-16F7-4668-BE54-9A1E7A4F7556}") = "Services", "Services\Services.csproj", "{CD39D7A7-7FF6-4B13-8B3B-75290208E076}"
EndProject
Project("{9A19103F-16F7-4668-BE54-9A1E7A4F7556}") = "AutofacContainer", "AutofacContainer\AutofacContainer.csproj", "{FAC2F5AD-00E4-4D45-AEAD-89305434159D}"
EndProject
Project("{9A19103F-16F7-4668-BE54-9A1E7A4F7556}") = "MainApplication", "MainApplication\MainApplication.csproj", "{E260D636-8310-4D61-BD0D-6088DA4B2F61}"
EndProject
Project("{FAE04EC0-301F-11D3-BF4B-00C04F79EFBC}") = "UnitTests", "UnitTests\UnitTests.csproj", "{F3D1964C-23AE-46FD-A06B-70E751EEF507}"
EndProject
Global
	GlobalSection(SolutionConfigurationPlatforms) = preSolution
		Debug|Any CPU = Debug|Any CPU
		Release|Any CPU = Release|Any CPU
	EndGlobalSection
	GlobalSection(ProjectConfigurationPlatforms) = postSolution
		{E7784229-5967-486A-826D-B43FB6C7FDCA}.Debug|Any CPU.ActiveCfg = Debug|Any CPU
		{E7784229-5967-486A-826D-B43FB6C7FDCA}.Debug|Any CPU.Build.0 = Debug|Any CPU
		{E7784229-5967-486A-826D-B43FB6C7FDCA}.Release|Any CPU.ActiveCfg = Release|Any CPU
		{E7784229-5967-486A-826D-B43FB6C7FDCA}.Release|Any CPU.Build.0 = Release|Any CPU
		{9F060CFB-B84D-4013-B8CE-9F6278EDB6C4}.Debug|Any CPU.ActiveCfg = Debug|Any CPU
		{9F060CFB-B84D-4013-B8CE-9F6278EDB6C4}.Debug|Any CPU.Build.0 = Debug|Any CPU
		{9F060CFB-B84D-4013-B8CE-9F6278EDB6C4}.Release|Any CPU.ActiveCfg = Release|Any CPU
		{9F060CFB-B84D-4013-B8CE-9F6278EDB6C4}.Release|Any CPU.Build.0 = Release|Any CPU
		{CD39D7A7-7FF6-4B13-8B3B-75290208E076}.Debug|Any CPU.ActiveCfg = Debug|Any CPU
		{CD39D7A7-7FF6-4B13-8B3B-75290208E076}.Debug|Any CPU.Build.0 = Debug|Any CPU
		{CD39D7A7-7FF6-4B13-8B3B-75290208E076}.Release|Any CPU.ActiveCfg = Release|Any CPU
		{CD39D7A7-7FF6-4B13-8B3B-75290208E076}.Release|Any CPU.Build.0 = Release|Any CPU
		{FAC2F5AD-00E4-4D45-AEAD-89305434159D}.Debug|Any CPU.ActiveCfg = Debug|Any CPU
		{FAC2F5AD-00E4-4D45-AEAD-89305434159D}.Debug|Any CPU.Build.0 = Debug|Any CPU
		{FAC2F5AD-00E4-4D45-AEAD-89305434159D}.Release|Any CPU.ActiveCfg = Release|Any CPU
		{FAC2F5AD-00E4-4D45-AEAD-89305434159D}.Release|Any CPU.Build.0 = Release|Any CPU
		{E260D636-8310-4D61-BD0D-6088DA4B2F61}.Debug|Any CPU.ActiveCfg = Debug|Any CPU
		{E260D636-8310-4D61-BD0D-6088DA4B2F61}.Debug|Any CPU.Build.0 = Debug|Any CPU
		{E260D636-8310-4D61-BD0D-6088DA4B2F61}.Release|Any CPU.ActiveCfg = Release|Any CPU
		{E260D636-8310-4D61-BD0D-6088DA4B2F61}.Release|Any CPU.Build.0 = Release|Any CPU
		{F3D1964C-23AE-46FD-A06B-70E751EEF507}.Debug|Any CPU.ActiveCfg = Debug|Any CPU
		{F3D1964C-23AE-46FD-A06B-70E751EEF507}.Debug|Any CPU.Build.0 = Debug|Any CPU
		{F3D1964C-23AE-46FD-A06B-70E751EEF507}.Release|Any CPU.ActiveCfg = Release|Any CPU
		{F3D1964C-23AE-46FD-A06B-70E751EEF507}.Release|Any CPU.Build.0 = Release|Any CPU
	EndGlobalSection
	GlobalSection(SolutionProperties) = preSolution
		HideSolutionNode = FALSE
	EndGlobalSection
	GlobalSection(ExtensibilityGlobals) = postSolution
		SolutionGuid = {82736827-8BB0-44CE-8F7E-D93D3BF4CB1E}
	EndGlobalSection
EndGlobal
